
Microsoft Visual Studio Solution File, Format Version 12.00
# Visual Studio Version 17
VisualStudioVersion = 17.10.35013.160
MinimumVisualStudioVersion = 10.0.40219.1
Project("{FAE04EC0-301F-11D3-BF4B-00C04F79EFBC}") = "InternetProviderMenu", "InternetProviderMenu.csproj", "{791E409F-DE4E-4AE1-9ABB-8043E763ED91}"
EndProject
Global
	GlobalSection(SolutionConfigurationPlatforms) = preSolution
		Debug|Any CPU = Debug|Any CPU
		Release|Any CPU = Release|Any CPU
	EndGlobalSection
	GlobalSection(ProjectConfigurationPlatforms) = postSolution
		{791E409F-DE4E-4AE1-9ABB-8043E763ED91}.Debug|Any CPU.ActiveCfg = Debug|Any CPU
		{791E409F-DE4E-4AE1-9ABB-8043E763ED91}.Debug|Any CPU.Build.0 = Debug|Any CPU
		{791E409F-DE4E-4AE1-9ABB-8043E763ED91}.Release|Any CPU.ActiveCfg = Release|Any CPU
		{791E409F-DE4E-4AE1-9ABB-8043E763ED91}.Release|Any CPU.Build.0 = Release|Any CPU
	EndGlobalSection
	GlobalSection(SolutionProperties) = preSolution
		HideSolutionNode = FALSE
	EndGlobalSection
	GlobalSection(ExtensibilityGlobals) = postSolution
		SolutionGuid = {970EBB62-8E42-43DE-A00D-9784ECD5FD2B}
	EndGlobalSection
EndGlobal
